
Microsoft Visual Studio Solution File, Format Version 12.00
# Visual Studio 14
VisualStudioVersion = 14.0.25420.1
MinimumVisualStudioVersion = 10.0.40219.1
Project("{8BC9CEB8-8B4A-11D0-8D11-00A0C91BC942}") = "LiveQualityMonitor", "LiveQualityMonitor\LiveQualityMonitor.vcxproj", "{6B79B3EF-E7A4-4C9D-94D9-AC9FB44AEAAE}"
EndProject
Project("{888888A0-9F3D-457C-B088-3A5042F75D52}") = "LiveQualityPanel", "LiveQualityPanel\LiveQualityPanel.pyproj", "{E4B029BA-8FD3-436C-9714-2C961206B6C4}"
EndProject
Global
	GlobalSection(SolutionConfigurationPlatforms) = preSolution
		Debug|Any CPU = Debug|Any CPU
		Debug|ARM = Debug|ARM
		Debug|x64 = Debug|x64
		Debug|x86 = Debug|x86
		Release|Any CPU = Release|Any CPU
		Release|ARM = Release|ARM
		Release|x64 = Release|x64
		Release|x86 = Release|x86
	EndGlobalSection
	GlobalSection(ProjectConfigurationPlatforms) = postSolution
		{6B79B3EF-E7A4-4C9D-94D9-AC9FB44AEAAE}.Debug|Any CPU.ActiveCfg = Debug|x86
		{6B79B3EF-E7A4-4C9D-94D9-AC9FB44AEAAE}.Debug|ARM.ActiveCfg = Debug|ARM
		{6B79B3EF-E7A4-4C9D-94D9-AC9FB44AEAAE}.Debug|ARM.Build.0 = Debug|ARM
		{6B79B3EF-E7A4-4C9D-94D9-AC9FB44AEAAE}.Debug|x64.ActiveCfg = Debug|x64
		{6B79B3EF-E7A4-4C9D-94D9-AC9FB44AEAAE}.Debug|x64.Build.0 = Debug|x64
		{6B79B3EF-E7A4-4C9D-94D9-AC9FB44AEAAE}.Debug|x86.ActiveCfg = Debug|x86
		{6B79B3EF-E7A4-4C9D-94D9-AC9FB44AEAAE}.Debug|x86.Build.0 = Debug|x86
		{6B79B3EF-E7A4-4C9D-94D9-AC9FB44AEAAE}.Release|Any CPU.ActiveCfg = Release|x86
		{6B79B3EF-E7A4-4C9D-94D9-AC9FB44AEAAE}.Release|ARM.ActiveCfg = Release|ARM
		{6B79B3EF-E7A4-4C9D-94D9-AC9FB44AEAAE}.Release|ARM.Build.0 = Release|ARM
		{6B79B3EF-E7A4-4C9D-94D9-AC9FB44AEAAE}.Release|x64.ActiveCfg = Release|x64
		{6B79B3EF-E7A4-4C9D-94D9-AC9FB44AEAAE}.Release|x64.Build.0 = Release|x64
		{6B79B3EF-E7A4-4C9D-94D9-AC9FB44AEAAE}.Release|x86.ActiveCfg = Release|x86
		{6B79B3EF-E7A4-4C9D-94D9-AC9FB44AEAAE}.Release|x86.Build.0 = Release|x86
		{E4B029BA-8FD3-436C-9714-2C961206B6C4}.Debug|Any CPU.ActiveCfg = Debug|Any CPU
		{E4B029BA-8FD3-436C-9714-2C961206B6C4}.Debug|ARM.ActiveCfg = Debug|Any CPU
		{E4B029BA-8FD3-436C-9714-2C961206B6C4}.Debug|x64.ActiveCfg = Debug|Any CPU
		{E4B029BA-8FD3-436C-9714-2C961206B6C4}.Debug|x86.ActiveCfg = Debug|Any CPU
		{E4B029BA-8FD3-436C-9714-2C961206B6C4}.Release|Any CPU.ActiveCfg = Release|Any CPU
		{E4B029BA-8FD3-436C-9714-2C961206B6C4}.Release|ARM.ActiveCfg = Release|Any CPU
		{E4B029BA-8FD3-436C-9714-2C961206B6C4}.Release|x64.ActiveCfg = Release|Any CPU
		{E4B029BA-8FD3-436C-9714-2C961206B6C4}.Release|x86.ActiveCfg = Release|Any CPU
	EndGlobalSection
	GlobalSection(SolutionProperties) = preSolution
		HideSolutionNode = FALSE
	EndGlobalSection
EndGlobal
